
Microsoft Visual Studio Solution File, Format Version 12.00
# Visual Studio Version 17
VisualStudioVersion = 17.4.33403.182
MinimumVisualStudioVersion = 10.0.40219.1
Project("{888888A0-9F3D-457C-B088-3A5042F75D52}") = "Numer", "Numer\Numer.pyproj", "{F1055FA0-FA7A-42BD-9C73-FDAB0F547C63}"
EndProject
Global
	GlobalSection(SolutionConfigurationPlatforms) = preSolution
		Debug|Any CPU = Debug|Any CPU
		Release|Any CPU = Release|Any CPU
	EndGlobalSection
	GlobalSection(ProjectConfigurationPlatforms) = postSolution
		{F1055FA0-FA7A-42BD-9C73-FDAB0F547C63}.Debug|Any CPU.ActiveCfg = Debug|Any CPU
		{F1055FA0-FA7A-42BD-9C73-FDAB0F547C63}.Release|Any CPU.ActiveCfg = Release|Any CPU
	EndGlobalSection
	GlobalSection(SolutionProperties) = preSolution
		HideSolutionNode = FALSE
	EndGlobalSection
	GlobalSection(ExtensibilityGlobals) = postSolution
		SolutionGuid = {3EEAC188-5DFD-4C25-8938-3FDAEEB46C88}
	EndGlobalSection
EndGlobal
